
Microsoft Visual Studio Solution File, Format Version 12.00
# Visual Studio Version 17
VisualStudioVersion = 17.0.31825.309
MinimumVisualStudioVersion = 10.0.40219.1
Project("{9A19103F-16F7-4668-BE54-9A1E7A4F7556}") = "core3api", "core3api\core3api.csproj", "{5E6B4B43-F09A-4E24-A087-1252FBA2B364}"
EndProject
Project("{FAE04EC0-301F-11D3-BF4B-00C04F79EFBC}") = "SystemData", "SystemData\SystemData.csproj", "{B31B75AB-1B3B-46B2-A1DF-067E6588C7D5}"
EndProject
Global
	GlobalSection(SolutionConfigurationPlatforms) = preSolution
		Debug|Any CPU = Debug|Any CPU
		Release|Any CPU = Release|Any CPU
	EndGlobalSection
	GlobalSection(ProjectConfigurationPlatforms) = postSolution
		{5E6B4B43-F09A-4E24-A087-1252FBA2B364}.Debug|Any CPU.ActiveCfg = Debug|Any CPU
		{5E6B4B43-F09A-4E24-A087-1252FBA2B364}.Debug|Any CPU.Build.0 = Debug|Any CPU
		{5E6B4B43-F09A-4E24-A087-1252FBA2B364}.Release|Any CPU.ActiveCfg = Release|Any CPU
		{5E6B4B43-F09A-4E24-A087-1252FBA2B364}.Release|Any CPU.Build.0 = Release|Any CPU
		{B31B75AB-1B3B-46B2-A1DF-067E6588C7D5}.Debug|Any CPU.ActiveCfg = Debug|Any CPU
		{B31B75AB-1B3B-46B2-A1DF-067E6588C7D5}.Debug|Any CPU.Build.0 = Debug|Any CPU
		{B31B75AB-1B3B-46B2-A1DF-067E6588C7D5}.Release|Any CPU.ActiveCfg = Release|Any CPU
		{B31B75AB-1B3B-46B2-A1DF-067E6588C7D5}.Release|Any CPU.Build.0 = Release|Any CPU
	EndGlobalSection
	GlobalSection(SolutionProperties) = preSolution
		HideSolutionNode = FALSE
	EndGlobalSection
	GlobalSection(ExtensibilityGlobals) = postSolution
		SolutionGuid = {56C770C5-85D2-4209-B8A3-C93860566C16}
	EndGlobalSection
EndGlobal
